dependencies:
- name: postgresql
  repository: file://subcharts/postgresql
  version: 10.3.11
- name: redis
  repository: file://subcharts/redis
  version: 12.9.0
- name: rabbitmq
  repository: file://subcharts/rabbitmq
  version: 8.11.3
- name: api
  repository: file://subcharts/api
  version: 0.1.0
- name: frontend
  repository: file://subcharts/frontend
  version: 0.1.0
- name: mediaserver
  repository: file://subcharts/mediaserver
  version: 0.1.0
digest: sha256:51efd602faba044904aa5cb56deead99b310f8b6d05f499edc693e30131c9d4a
generated: "2021-04-09T19:24:01.825082834+01:00"
